<?xml version="1.0" encoding="utf-8"?>
<Project ToolsVersion="4.0" xmlns="http://schemas.microsoft.com/developer/msbuild/2003">
  <ItemGroup>
    <Filter Include="Source Files">
      <UniqueIdentifier>{4FC737F1-C7A5-4376-A066-2A32D752A2FF}</UniqueIdentifier>
      <Extensions>cpp;c;cc;cxx;def;odl;idl;hpj;bat;asm;asmx</Extensions>
    </Filter>
    <Filter Include="Header Files">
      <UniqueIdentifier>{93995380-89BD-4b04-88EB-625FBE52EBFB}</UniqueIdentifier>
      <Extensions>h;hpp;hxx;hm;inl;inc;xsd</Extensions>
    </Filter>
    <Filter Include="Resource Files">
      <UniqueIdentifier>{67DA6AB6-F800-4c08-8B7A-83BB121AAD01}</UniqueIdentifier>
      <Extensions>rc;ico;cur;bmp;dlg;rc2;rct;bin;rgs;gif;jpg;jpeg;jpe;resx;tiff;tif;png;wav;mfcribbon-ms</Extensions>
    </Filter>
    <Filter Include="Source Files\win">
      <UniqueIdentifier>{10f5d180-6aed-4d2a-8579-02c2306484ec}</UniqueIdentifier>
    </Filter>
    <Filter Include="Header Files\win">
      <UniqueIdentifier>{338ecea8-bdec-4913-8d87-18955c476f3b}</UniqueIdentifier>
    </Filter>
    <Filter Include="Header Files\lzo">
      <UniqueIdentifier>{faa051f3-488c-4616-a039-087c161d8d35}</UniqueIdentifier>
    </Filter>
  </ItemGroup>
  <ItemGroup>
    <ClCompile Include="src\main.c">
      <Filter>Source Files</Filter>
    </ClCompile>
    <ClCompile Include="src\file.c">
      <Filter>Source Files</Filter>
    </ClCompile>
    <ClCompile Include="src\packer.c">
      <Filter>Source Files</Filter>
    </ClCompile>
    <ClCompile Include="src\win\pe_packer.c">
      <Filter>Source Files\win</Filter>
    </ClCompile>
  </ItemGroup>
  <ItemGroup>
    <ClInclude Include="src\types.h">
      <Filter>Header Files</Filter>
    </ClInclude>
    <ClInclude Include="src\config.h">
      <Filter>Header Files</Filter>
    </ClInclude>
    <ClInclude Include="src\file.h">
      <Filter>Header Files</Filter>
    </ClInclude>
    <ClInclude Include="src\packer.h">
      <Filter>Header Files</Filter>
    </ClInclude>
    <ClInclude Include="src\packer_info.h">
      <Filter>Header Files</Filter>
    </ClInclude>
    <ClInclude Include="src\win\pe_packer.h">
      <Filter>Header Files\win</Filter>
    </ClInclude>
    <ClInclude Include="src\win\pe.h">
      <Filter>Header Files\win</Filter>
    </ClInclude>
    <ClInclude Include="src\packer_error.h">
      <Filter>Header Files</Filter>
    </ClInclude>
    <ClInclude Include="src\lzo\lzo1x.h">
      <Filter>Header Files\lzo</Filter>
    </ClInclude>
    <ClInclude Include="src\lzo\lzoconf.h">
      <Filter>Header Files\lzo</Filter>
    </ClInclude>
    <ClInclude Include="src\lzo\lzodefs.h">
      <Filter>Header Files\lzo</Filter>
    </ClInclude>
  </ItemGroup>
</Project>